// !$*UTF8*$!
{
	archiveVersion = 1;
	classes = {
	};
	objectVersion = 46;
	objects = {

/* Begin PBXBuildFile section */
		073E80361B08A88B005CB477 /* main.m in Sources */ = {isa = PBXBuildFile; fileRef = 073E80351B08A88B005CB477 /* main.m */; };
		073E80391B08A88B005CB477 /* AppDelegate.m in Sources */ = {isa = PBXBuildFile; fileRef = 073E80381B08A88B005CB477 /* AppDelegate.m */; };
		073E803C1B08A88B005CB477 /* ViewController.m in Sources */ = {isa = PBXBuildFile; fileRef = 073E803B1B08A88B005CB477 /* ViewController.m */; };
		073E803F1B08A88B005CB477 /* Main.storyboard in Resources */ = {isa = PBXBuildFile; fileRef = 073E803D1B08A88B005CB477 /* Main.storyboard */; };
		073E80411B08A88B005CB477 /* Images.xcassets in Resources */ = {isa = PBXBuildFile; fileRef = 073E80401B08A88B005CB477 /* Images.xcassets */; };
		073E80441B08A88B005CB477 /* LaunchScreen.xib in Resources */ = {isa = PBXBuildFile; fileRef = 073E80421B08A88B005CB477 /* LaunchScreen.xib */; };
		073E80501B08A88B005CB477 /* ViewExperimentsTests.m in Sources */ = {isa = PBXBuildFile; fileRef = 073E804F1B08A88B005CB477 /* ViewExperimentsTests.m */; };
/* End PBXBuildFile section */

/* Begin PBXContainerItemProxy section */
		073E804A1B08A88B005CB477 /* PBXContainerItemProxy */ = {
			isa = PBXContainerItemProxy;
			containerPortal = 073E80281B08A88A005CB477 /* Project object */;
			proxyType = 1;
			remoteGlobalIDString = 073E802F1B08A88A005CB477;
			remoteInfo = ViewExperiments;
		};
/* End PBXContainerItemProxy section */

/* Begin PBXFileReference section */
		073E80301B08A88A005CB477 /* ViewExperiments.app */ = {isa = PBXFileReference; explicitFileType = wrapper.application; includeInIndex = 0; path = ViewExperiments.app; sourceTree = BUILT_PRODUCTS_DIR; };
		073E80341B08A88B005CB477 /* Info.plist */ = {isa = PBXFileReference; lastKnownFileType = text.plist.xml; path = Info.plist; sourceTree = "<group>"; };
		073E80351B08A88B005CB477 /* main.m */ = {isa = PBXFileReference; lastKnownFileType = sourcecode.c.objc; path = main.m; sourceTree = "<group>"; };
		073E80371B08A88B005CB477 /* AppDelegate.h */ = {isa = PBXFileReference; lastKnownFileType = sourcecode.c.h; path = AppDelegate.h; sourceTree = "<group>"; };
		073E80381B08A88B005CB477 /* AppDelegate.m */ = {isa = PBXFileReference; lastKnownFileType = sourcecode.c.objc; path = AppDelegate.m; sourceTree = "<group>"; };
		073E803A1B08A88B005CB477 /* ViewController.h */ = {isa = PBXFileReference; lastKnownFileType = sourcecode.c.h; path = ViewController.h; sourceTree = "<group>"; };
		073E803B1B08A88B005CB477 /* ViewController.m */ = {isa = PBXFileReference; lastKnownFileType = sourcecode.c.objc; path = ViewController.m; sourceTree = "<group>"; };
		073E803E1B08A88B005CB477 /* Base */ = {isa = PBXFileReference; lastKnownFileType = file.storyboard; name = Base; path = Base.lproj/Main.storyboard; sourceTree = "<group>"; };
		073E80401B08A88B005CB477 /* Images.xcassets */ = {isa = PBXFileReference; lastKnownFileType = folder.assetcatalog; path = Images.xcassets; sourceTree = "<group>"; };
		073E80431B08A88B005CB477 /* Base */ = {isa = PBXFileReference; lastKnownFileType = file.xib; name = Base; path = Base.lproj/LaunchScreen.xib; sourceTree = "<group>"; };
		073E80491B08A88B005CB477 /* ViewExperimentsTests.xctest */ = {isa = PBXFileReference; explicitFileType = wrapper.cfbundle; includeInIndex = 0; path = ViewExperimentsTests.xctest; sourceTree = BUILT_PRODUCTS_DIR; };
		073E804E1B08A88B005CB477 /* Info.plist */ = {isa = PBXFileReference; lastKnownFileType = text.plist.xml; path = Info.plist; sourceTree = "<group>"; };
		073E804F1B08A88B005CB477 /* ViewExperimentsTests.m */ = {isa = PBXFileReference; lastKnownFileType = sourcecode.c.objc; path = ViewExperimentsTests.m; sourceTree = "<group>"; };
/* End PBXFileReference section */

/* Begin PBXFrameworksBuildPhase section */
		073E802D1B08A88A005CB477 /* Frameworks */ = {
			isa = PBXFrameworksBuildPhase;
			buildActionMask = 2147483647;
			files = (
			);
			runOnlyForDeploymentPostprocessing = 0;
		};
		073E80461B08A88B005CB477 /* Frameworks */ = {
			isa = PBXFrameworksBuildPhase;
			buildActionMask = 2147483647;
			files = (
			);
			runOnlyForDeploymentPostprocessing = 0;
		};
/* End PBXFrameworksBuildPhase section */

/* Begin PBXGroup section */
		073E80271B08A88A005CB477 = {
			isa = PBXGroup;
			children = (
				073E80321B08A88A005CB477 /* ViewExperiments */,
				073E804C1B08A88B005CB477 /* ViewExperimentsTests */,
				073E80311B08A88A005CB477 /* Products */,
			);
			sourceTree = "<group>";
		};
		073E80311B08A88A005CB477 /* Products */ = {
			isa = PBXGroup;
			children = (
				073E80301B08A88A005CB477 /* ViewExperiments.app */,
				073E80491B08A88B005CB477 /* ViewExperimentsTests.xctest */,
			);
			name = Products;
			sourceTree = "<group>";
		};
		073E80321B08A88A005CB477 /* ViewExperiments */ = {
			isa = PBXGroup;
			children = (
				073E80371B08A88B005CB477 /* AppDelegate.h */,
				073E80381B08A88B005CB477 /* AppDelegate.m */,
				073E803A1B08A88B005CB477 /* ViewController.h */,
				073E803B1B08A88B005CB477 /* ViewController.m */,
				073E803D1B08A88B005CB477 /* Main.storyboard */,
				073E80401B08A88B005CB477 /* Images.xcassets */,
				073E80421B08A88B005CB477 /* LaunchScreen.xib */,
				073E80331B08A88A005CB477 /* Supporting Files */,
			);
			path = ViewExperiments;
			sourceTree = "<group>";
		};
		073E80331B08A88A005CB477 /* Supporting Files */ = {
			isa = PBXGroup;
			children = (
				073E80341B08A88B005CB477 /* Info.plist */,
				073E80351B08A88B005CB477 /* main.m */,
			);
			name = "Supporting Files";
			sourceTree = "<group>";
		};
		073E804C1B08A88B005CB477 /* ViewExperimentsTests */ = {
			isa = PBXGroup;
			children = (
				073E804F1B08A88B005CB477 /* ViewExperimentsTests.m */,
				073E804D1B08A88B005CB477 /* Supporting Files */,
			);
			path = ViewExperimentsTests;
			sourceTree = "<group>";
		};
		073E804D1B08A88B005CB477 /* Supporting Files */ = {
			isa = PBXGroup;
			children = (
				073E804E1B08A88B005CB477 /* Info.plist */,
			);
			name = "Supporting Files";
			sourceTree = "<group>";
		};
/* End PBXGroup section */

/* Begin PBXNativeTarget section */
		073E802F1B08A88A005CB477 /* ViewExperiments */ = {
			isa = PBXNativeTarget;
			buildConfigurationList = 073E80531B08A88B005CB477 /* Build configuration list for PBXNativeTarget "ViewExperiments" */;
			buildPhases = (
				073E802C1B08A88A005CB477 /* Sources */,
				073E802D1B08A88A005CB477 /* Frameworks */,
				073E802E1B08A88A005CB477 /* Resources */,
			);
			buildRules = (
			);
			dependencies = (
			);
			name = ViewExperiments;
			productName = ViewExperiments;
			productReference = 073E80301B08A88A005CB477 /* ViewExperiments.app */;
			productType = "com.apple.product-type.application";
		};
		073E80481B08A88B005CB477 /* ViewExperimentsTests */ = {
			isa = PBXNativeTarget;
			buildConfigurationList = 073E80561B08A88B005CB477 /* Build configuration list for PBXNativeTarget "ViewExperimentsTests" */;
			buildPhases = (
				073E80451B08A88B005CB477 /* Sources */,
				073E80461B08A88B005CB477 /* Frameworks */,
				073E80471B08A88B005CB477 /* Resources */,
			);
			buildRules = (
			);
			dependencies = (
				073E804B1B08A88B005CB477 /* PBXTargetDependency */,
			);
			name = ViewExperimentsTests;
			productName = ViewExperimentsTests;
			productReference = 073E80491B08A88B005CB477 /* ViewExperimentsTests.xctest */;
			productType = "com.apple.product-type.bundle.unit-test";
		};
/* End PBXNativeTarget section */

/* Begin PBXProject section */
		073E80281B08A88A005CB477 /* Project object */ = {
			isa = PBXProject;
			attributes = {
				LastUpgradeCheck = 0630;
				ORGANIZATIONNAME = "Qualoo Apps";
				TargetAttributes = {
					073E802F1B08A88A005CB477 = {
						CreatedOnToolsVersion = 6.3.1;
					};
					073E80481B08A88B005CB477 = {
						CreatedOnToolsVersion = 6.3.1;
						TestTargetID = 073E802F1B08A88A005CB477;
					};
				};
			};
			buildConfigurationList = 073E802B1B08A88A005CB477 /* Build configuration list for PBXProject "ViewExperiments" */;
			compatibilityVersion = "Xcode 3.2";
			developmentRegion = English;
			hasScannedForEncodings = 0;
			knownRegions = (
				en,
				Base,
			);
			mainGroup = 073E80271B08A88A005CB477;
			productRefGroup = 073E80311B08A88A005CB477 /* Products */;
			projectDirPath = "";
			projectRoot = "";
			targets = (
				073E802F1B08A88A005CB477 /* ViewExperiments */,
				073E80481B08A88B005CB477 /* ViewExperimentsTests */,
			);
		};
/* End PBXProject section */

/* Begin PBXResourcesBuildPhase section */
		073E802E1B08A88A005CB477 /* Resources */ = {
			isa = PBXResourcesBuildPhase;
			buildActionMask = 2147483647;
			files = (
				073E803F1B08A88B005CB477 /* Main.storyboard in Resources */,
				073E80441B08A88B005CB477 /* LaunchScreen.xib in Resources */,
				073E80411B08A88B005CB477 /* Images.xcassets in Resources */,
			);
			runOnlyForDeploymentPostprocessing = 0;
		};
		073E80471B08A88B005CB477 /* Resources */ = {
			isa = PBXResourcesBuildPhase;
			buildActionMask = 2147483647;
			files = (
			);
			runOnlyForDeploymentPostprocessing = 0;
		};
/* End PBXResourcesBuildPhase section */

/* Begin PBXSourcesBuildPhase section */
		073E802C1B08A88A005CB477 /* Sources */ = {
			isa = PBXSourcesBuildPhase;
			buildActionMask = 2147483647;
			files = (
				073E803C1B08A88B005CB477 /* ViewController.m in Sources */,
				073E80391B08A88B005CB477 /* AppDelegate.m in Sources */,
				073E80361B08A88B005CB477 /* main.m in Sources */,
			);
			runOnlyForDeploymentPostprocessing = 0;
		};
		073E80451B08A88B005CB477 /* Sources */ = {
			isa = PBXSourcesBuildPhase;
			buildActionMask = 2147483647;
			files = (
				073E80501B08A88B005CB477 /* ViewExperimentsTests.m in Sources */,
			);
			runOnlyForDeploymentPostprocessing = 0;
		};
/* End PBXSourcesBuildPhase section */

/* Begin PBXTargetDependency section */
		073E804B1B08A88B005CB477 /* PBXTargetDependency */ = {
			isa = PBXTargetDependency;
			target = 073E802F1B08A88A005CB477 /* ViewExperiments */;
			targetProxy = 073E804A1B08A88B005CB477 /* PBXContainerItemProxy */;
		};
/* End PBXTargetDependency section */

/* Begin PBXVariantGroup section */
		073E803D1B08A88B005CB477 /* Main.storyboard */ = {
			isa = PBXVariantGroup;
			children = (
				073E803E1B08A88B005CB477 /* Base */,
			);
			name = Main.storyboard;
			sourceTree = "<group>";
		};
		073E80421B08A88B005CB477 /* LaunchScreen.xib */ = {
			isa = PBXVariantGroup;
			children = (
				073E80431B08A88B005CB477 /* Base */,
			);
			name = LaunchScreen.xib;
			sourceTree = "<group>";
		};
/* End PBXVariantGroup section */

/* Begin XCBuildConfiguration section */
		073E80511B08A88B005CB477 /* Debug */ = {
			isa = XCBuildConfiguration;
			buildSettings = {
				ALWAYS_SEARCH_USER_PATHS = NO;
				CLANG_CXX_LANGUAGE_STANDARD = "gnu++0x";
				CLANG_CXX_LIBRARY = "libc++";
				CLANG_ENABLE_MODULES = YES;
				CLANG_ENABLE_OBJC_ARC = YES;
				CLANG_WARN_BOOL_CONVERSION = YES;
				CLANG_WARN_CONSTANT_CONVERSION = YES;
				CLANG_WARN_DIRECT_OBJC_ISA_USAGE = YES_ERROR;
				CLANG_WARN_EMPTY_BODY = YES;
				CLANG_WARN_ENUM_CONVERSION = YES;
				CLANG_WARN_INT_CONVERSION = YES;
				CLANG_WARN_OBJC_ROOT_CLASS = YES_ERROR;
				CLANG_WARN_UNREACHABLE_CODE = YES;
				CLANG_WARN__DUPLICATE_METHOD_MATCH = YES;
				"CODE_SIGN_IDENTITY[sdk=iphoneos*]" = "iPhone Developer";
				COPY_PHASE_STRIP = NO;
				DEBUG_INFORMATION_FORMAT = "dwarf-with-dsym";
				ENABLE_STRICT_OBJC_MSGSEND = YES;
				GCC_C_LANGUAGE_STANDARD = gnu99;
				GCC_DYNAMIC_NO_PIC = NO;
				GCC_NO_COMMON_BLOCKS = YES;
				GCC_OPTIMIZATION_LEVEL = 0;
				GCC_PREPROCESSOR_DEFINITIONS = (
					"DEBUG=1",
					"$(inherited)",
				);
				GCC_SYMBOLS_PRIVATE_EXTERN = NO;
				GCC_WARN_64_TO_32_BIT_CONVERSION = YES;
				GCC_WARN_ABOUT_RETURN_TYPE = YES_ERROR;
				GCC_WARN_UNDECLARED_SELECTOR = YES;
				GCC_WARN_UNINITIALIZED_AUTOS = YES_AGGRESSIVE;
				GCC_WARN_UNUSED_FUNCTION = YES;
				GCC_WARN_UNUSED_VARIABLE = YES;
				IPHONEOS_DEPLOYMENT_TARGET = 8.3;
				MTL_ENABLE_DEBUG_INFO = YES;
				ONLY_ACTIVE_ARCH = YES;
				SDKROOT = iphoneos;
				TARGETED_DEVICE_FAMILY = "1,2";
			};
			name = Debug;
		};
		073E80521B08A88B005CB477 /* Release */ = {
			isa = XCBuildConfiguration;
			buildSettings = {
				ALWAYS_SEARCH_USER_PATHS = NO;
				CLANG_CXX_LANGUAGE_STANDARD = "gnu++0x";
				CLANG_CXX_LIBRARY = "libc++";
				CLANG_ENABLE_MODULES = YES;
				CLANG_ENABLE_OBJC_ARC = YES;
				CLANG_WARN_BOOL_CONVERSION = YES;
				CLANG_WARN_CONSTANT_CONVERSION = YES;
				CLANG_WARN_DIRECT_OBJC_ISA_USAGE = YES_ERROR;
				CLANG_WARN_EMPTY_BODY = YES;
				CLANG_WARN_ENUM_CONVERSION = YES;
				CLANG_WARN_INT_CONVERSION = YES;
				CLANG_WARN_OBJC_ROOT_CLASS = YES_ERROR;
				CLANG_WARN_UNREACHABLE_CODE = YES;
				CLANG_WARN__DUPLICATE_METHOD_MATCH = YES;
				"CODE_SIGN_IDENTITY[sdk=iphoneos*]" = "iPhone Developer";
				COPY_PHASE_STRIP = NO;
				DEBUG_INFORMATION_FORMAT = "dwarf-with-dsym";
				ENABLE_NS_ASSERTIONS = NO;
				ENABLE_STRICT_OBJC_MSGSEND = YES;
				GCC_C_LANGUAGE_STANDARD = gnu99;
				GCC_NO_COMMON_BLOCKS = YES;
				GCC_WARN_64_TO_32_BIT_CONVERSION = YES;
				GCC_WARN_ABOUT_RETURN_TYPE = YES_ERROR;
				GCC_WARN_UNDECLARED_SELECTOR = YES;
				GCC_WARN_UNINITIALIZED_AUTOS = YES_AGGRESSIVE;
				GCC_WARN_UNUSED_FUNCTION = YES;
				GCC_WARN_UNUSED_VARIABLE = YES;
				IPHONEOS_DEPLOYMENT_TARGET = 8.3;
				MTL_ENABLE_DEBUG_INFO = NO;
				SDKROOT = iphoneos;
				TARGETED_DEVICE_FAMILY = "1,2";
				VALIDATE_PRODUCT = YES;
			};
			name = Release;
		};
		073E80541B08A88B005CB477 /* Debug */ = {
			isa = XCBuildConfiguration;
			buildSettings = {
				ASSETCATALOG_COMPILER_APPICON_NAME = AppIcon;
				INFOPLIST_FILE = ViewExperiments/Info.plist;
				LD_RUNPATH_SEARCH_PATHS = "$(inherited) @executable_path/Frameworks";
				PRODUCT_NAME = "$(TARGET_NAME)";
			};
			name = Debug;
		};
		073E80551B08A88B005CB477 /* Release */ = {
			isa = XCBuildConfiguration;
			buildSettings = {
				ASSETCATALOG_COMPILER_APPICON_NAME = AppIcon;
				INFOPLIST_FILE = ViewExperiments/Info.plist;
				LD_RUNPATH_SEARCH_PATHS = "$(inherited) @executable_path/Frameworks";
				PRODUCT_NAME = "$(TARGET_NAME)";
			};
			name = Release;
		};
		073E80571B08A88B005CB477 /* Debug */ = {
			isa = XCBuildConfiguration;
			buildSettings = {
				BUNDLE_LOADER = "$(TEST_HOST)";
				FRAMEWORK_SEARCH_PATHS = (
					"$(SDKROOT)/Developer/Library/Frameworks",
					"$(inherited)",
				);
				GCC_PREPROCESSOR_DEFINITIONS = (
					"DEBUG=1",
					"$(inherited)",
				);
				INFOPLIST_FILE = ViewExperimentsTests/Info.plist;
				LD_RUNPATH_SEARCH_PATHS = "$(inherited) @executable_path/Frameworks @loader_path/Frameworks";
				PRODUCT_NAME = "$(TARGET_NAME)";
				TEST_HOST = "$(BUILT_PRODUCTS_DIR)/ViewExperiments.app/ViewExperiments";
			};
			name = Debug;
		};
		073E80581B08A88B005CB477 /* Release */ = {
			isa = XCBuildConfiguration;
			buildSettings = {
				BUNDLE_LOADER = "$(TEST_HOST)";
				FRAMEWORK_SEARCH_PATHS = (
					"$(SDKROOT)/Developer/Library/Frameworks",
					"$(inherited)",
				);
				INFOPLIST_FILE = ViewExperimentsTests/Info.plist;
				LD_RUNPATH_SEARCH_PATHS = "$(inherited) @executable_path/Frameworks @loader_path/Frameworks";
				PRODUCT_NAME = "$(TARGET_NAME)";
				TEST_HOST = "$(BUILT_PRODUCTS_DIR)/ViewExperiments.app/ViewExperiments";
			};
			name = Release;
		};
/* End XCBuildConfiguration section */

/* Begin XCConfigurationList section */
		073E802B1B08A88A005CB477 /* Build configuration list for PBXProject "ViewExperiments" */ = {
			isa = XCConfigurationList;
			buildConfigurations = (
				073E80511B08A88B005CB477 /* Debug */,
				073E80521B08A88B005CB477 /* Release */,
			);
			defaultConfigurationIsVisible = 0;
			defaultConfigurationName = Release;
		};
		073E80531B08A88B005CB477 /* Build configuration list for PBXNativeTarget "ViewExperiments" */ = {
			isa = XCConfigurationList;
			buildConfigurations = (
				073E80541B08A88B005CB477 /* Debug */,
				073E80551B08A88B005CB477 /* Release */,
			);
			defaultConfigurationIsVisible = 0;
		};
		073E80561B08A88B005CB477 /* Build configuration list for PBXNativeTarget "ViewExperimentsTests" */ = {
			isa = XCConfigurationList;
			buildConfigurations = (
				073E80571B08A88B005CB477 /* Debug */,
				073E80581B08A88B005CB477 /* Release */,
			);
			defaultConfigurationIsVisible = 0;
		};
/* End XCConfigurationList section */
	};
	rootObject = 073E80281B08A88A005CB477 /* Project object */;
}
